
Microsoft Visual Studio Solution File, Format Version 12.00
# Visual Studio Version 17
VisualStudioVersion = 17.5.33530.505
MinimumVisualStudioVersion = 10.0.40219.1
Project("{2150E333-8FDC-42A3-9474-1A3956D46DE8}") = "ApiGateway", "ApiGateway", "{C5EB85ED-0FED-46DF-9496-B16EC45374A3}"
EndProject
Project("{9A19103F-16F7-4668-BE54-9A1E7A4F7556}") = "ApiGateway", "ApiGateway\ApiGateway.csproj", "{83F9EB9B-1557-4958-9E20-E79F6DD631F5}"
EndProject
Project("{9A19103F-16F7-4668-BE54-9A1E7A4F7556}") = "JwtAuthenticationManager", "JwtAuthenticationManager\JwtAuthenticationManager.csproj", "{31B367A7-2AF0-4C34-8027-87C8232AF87F}"
EndProject
Project("{9A19103F-16F7-4668-BE54-9A1E7A4F7556}") = "AuthenticationWebApi", "AuthenticationWebApi\AuthenticationWebApi.csproj", "{5C43D552-A01E-4073-A336-F907726C52A4}"
EndProject
Project("{FAE04EC0-301F-11D3-BF4B-00C04F79EFBC}") = "OcelotCustomMiddleware", "OcelotCustomMiddleware\OcelotCustomMiddleware.csproj", "{415AA193-4219-4F42-82B0-0A15D5A021C3}"
EndProject
Global
	GlobalSection(SolutionConfigurationPlatforms) = preSolution
		Debug|Any CPU = Debug|Any CPU
		Release|Any CPU = Release|Any CPU
	EndGlobalSection
	GlobalSection(ProjectConfigurationPlatforms) = postSolution
		{83F9EB9B-1557-4958-9E20-E79F6DD631F5}.Debug|Any CPU.ActiveCfg = Debug|Any CPU
		{83F9EB9B-1557-4958-9E20-E79F6DD631F5}.Debug|Any CPU.Build.0 = Debug|Any CPU
		{83F9EB9B-1557-4958-9E20-E79F6DD631F5}.Release|Any CPU.ActiveCfg = Release|Any CPU
		{83F9EB9B-1557-4958-9E20-E79F6DD631F5}.Release|Any CPU.Build.0 = Release|Any CPU
		{31B367A7-2AF0-4C34-8027-87C8232AF87F}.Debug|Any CPU.ActiveCfg = Debug|Any CPU
		{31B367A7-2AF0-4C34-8027-87C8232AF87F}.Debug|Any CPU.Build.0 = Debug|Any CPU
		{31B367A7-2AF0-4C34-8027-87C8232AF87F}.Release|Any CPU.ActiveCfg = Release|Any CPU
		{31B367A7-2AF0-4C34-8027-87C8232AF87F}.Release|Any CPU.Build.0 = Release|Any CPU
		{5C43D552-A01E-4073-A336-F907726C52A4}.Debug|Any CPU.ActiveCfg = Debug|Any CPU
		{5C43D552-A01E-4073-A336-F907726C52A4}.Debug|Any CPU.Build.0 = Debug|Any CPU
		{5C43D552-A01E-4073-A336-F907726C52A4}.Release|Any CPU.ActiveCfg = Release|Any CPU
		{5C43D552-A01E-4073-A336-F907726C52A4}.Release|Any CPU.Build.0 = Release|Any CPU
		{415AA193-4219-4F42-82B0-0A15D5A021C3}.Debug|Any CPU.ActiveCfg = Debug|Any CPU
		{415AA193-4219-4F42-82B0-0A15D5A021C3}.Debug|Any CPU.Build.0 = Debug|Any CPU
		{415AA193-4219-4F42-82B0-0A15D5A021C3}.Release|Any CPU.ActiveCfg = Release|Any CPU
		{415AA193-4219-4F42-82B0-0A15D5A021C3}.Release|Any CPU.Build.0 = Release|Any CPU
	EndGlobalSection
	GlobalSection(SolutionProperties) = preSolution
		HideSolutionNode = FALSE
	EndGlobalSection
	GlobalSection(NestedProjects) = preSolution
		{83F9EB9B-1557-4958-9E20-E79F6DD631F5} = {C5EB85ED-0FED-46DF-9496-B16EC45374A3}
		{415AA193-4219-4F42-82B0-0A15D5A021C3} = {C5EB85ED-0FED-46DF-9496-B16EC45374A3}
	EndGlobalSection
	GlobalSection(ExtensibilityGlobals) = postSolution
		SolutionGuid = {F0E841AD-0009-4F34-AD99-87FD0C9720FA}
	EndGlobalSection
EndGlobal
